
Microsoft Visual Studio Solution File, Format Version 12.00
# Visual Studio Express 2013 for Windows Desktop
VisualStudioVersion = 12.0.30723.0
MinimumVisualStudioVersion = 10.0.40219.1
Project("{FAE04EC0-301F-11D3-BF4B-00C04F79EFBC}") = "SchemaBackup.Service", "SchemaBackup.Service\SchemaBackup.Service.csproj", "{7B41089B-DCF7-47A7-964F-2D54F0B2BA75}"
EndProject
Project("{FAE04EC0-301F-11D3-BF4B-00C04F79EFBC}") = "SchemaBackup.Schema", "SchemaBackup.Scheme\SchemaBackup.Schema.csproj", "{38555365-ABD0-4DAB-AE37-39CC68D9CD60}"
EndProject
Project("{FAE04EC0-301F-11D3-BF4B-00C04F79EFBC}") = "SchemaBackup.Definitions", "SchemaBackup.Definitions\SchemaBackup.Definitions.csproj", "{7705577B-CF01-43DC-8C8F-ED78770717CC}"
EndProject
Project("{FAE04EC0-301F-11D3-BF4B-00C04F79EFBC}") = "SchemaBackup.Tests", "SchemaBackup.Tests\SchemaBackup.Tests.csproj", "{C4BE1D2E-2139-424E-ABC9-77AB793E403C}"
EndProject
Project("{2150E333-8FDC-42A3-9474-1A3956D46DE8}") = "Solution Items", "Solution Items", "{13803A5C-9FDF-4428-B307-E3E60D667BC9}"
	ProjectSection(SolutionItems) = preProject
		Local.testsettings = Local.testsettings
		SchemaBackup.vsmdi = SchemaBackup.vsmdi
		TraceAndTestImpact.testsettings = TraceAndTestImpact.testsettings
	EndProjectSection
EndProject
Project("{FAE04EC0-301F-11D3-BF4B-00C04F79EFBC}") = "SchemaBackup.Core", "SchemaBackup.Core\SchemaBackup.Core.csproj", "{2759EEF7-885B-4084-B4AB-10958D51DF91}"
EndProject
Project("{FAE04EC0-301F-11D3-BF4B-00C04F79EFBC}") = "SchemaBackup.AdminApp", "SchemaBackup.AdminApp\SchemaBackup.AdminApp.csproj", "{F945698F-F48A-4DAE-A9B3-03BFD770A6A1}"
EndProject
Project("{FAE04EC0-301F-11D3-BF4B-00C04F79EFBC}") = "SchemaBackup.Core.ExampleObjects", "SchemaBackup.Core.ExampleObjects\SchemaBackup.Core.ExampleObjects.csproj", "{7FCC3F0D-4773-4062-8DBA-67495488ADBC}"
EndProject
Global
	GlobalSection(SolutionConfigurationPlatforms) = preSolution
		Debug|Any CPU = Debug|Any CPU
		Debug|Mixed Platforms = Debug|Mixed Platforms
		Debug|x86 = Debug|x86
		Release|Any CPU = Release|Any CPU
		Release|Mixed Platforms = Release|Mixed Platforms
		Release|x86 = Release|x86
	EndGlobalSection
	GlobalSection(ProjectConfigurationPlatforms) = postSolution
		{7B41089B-DCF7-47A7-964F-2D54F0B2BA75}.Debug|Any CPU.ActiveCfg = Debug|Any CPU
		{7B41089B-DCF7-47A7-964F-2D54F0B2BA75}.Debug|Any CPU.Build.0 = Debug|Any CPU
		{7B41089B-DCF7-47A7-964F-2D54F0B2BA75}.Debug|Mixed Platforms.ActiveCfg = Debug|x86
		{7B41089B-DCF7-47A7-964F-2D54F0B2BA75}.Debug|Mixed Platforms.Build.0 = Debug|x86
		{7B41089B-DCF7-47A7-964F-2D54F0B2BA75}.Debug|x86.ActiveCfg = Debug|x86
		{7B41089B-DCF7-47A7-964F-2D54F0B2BA75}.Debug|x86.Build.0 = Debug|x86
		{7B41089B-DCF7-47A7-964F-2D54F0B2BA75}.Release|Any CPU.ActiveCfg = Release|Any CPU
		{7B41089B-DCF7-47A7-964F-2D54F0B2BA75}.Release|Any CPU.Build.0 = Release|Any CPU
		{7B41089B-DCF7-47A7-964F-2D54F0B2BA75}.Release|Mixed Platforms.ActiveCfg = Release|x86
		{7B41089B-DCF7-47A7-964F-2D54F0B2BA75}.Release|Mixed Platforms.Build.0 = Release|x86
		{7B41089B-DCF7-47A7-964F-2D54F0B2BA75}.Release|x86.ActiveCfg = Release|x86
		{7B41089B-DCF7-47A7-964F-2D54F0B2BA75}.Release|x86.Build.0 = Release|x86
		{38555365-ABD0-4DAB-AE37-39CC68D9CD60}.Debug|Any CPU.ActiveCfg = Debug|Any CPU
		{38555365-ABD0-4DAB-AE37-39CC68D9CD60}.Debug|Any CPU.Build.0 = Debug|Any CPU
		{38555365-ABD0-4DAB-AE37-39CC68D9CD60}.Debug|Mixed Platforms.ActiveCfg = Debug|Any CPU
		{38555365-ABD0-4DAB-AE37-39CC68D9CD60}.Debug|Mixed Platforms.Build.0 = Debug|Any CPU
		{38555365-ABD0-4DAB-AE37-39CC68D9CD60}.Debug|x86.ActiveCfg = Debug|Any CPU
		{38555365-ABD0-4DAB-AE37-39CC68D9CD60}.Release|Any CPU.ActiveCfg = Release|Any CPU
		{38555365-ABD0-4DAB-AE37-39CC68D9CD60}.Release|Any CPU.Build.0 = Release|Any CPU
		{38555365-ABD0-4DAB-AE37-39CC68D9CD60}.Release|Mixed Platforms.ActiveCfg = Release|Any CPU
		{38555365-ABD0-4DAB-AE37-39CC68D9CD60}.Release|Mixed Platforms.Build.0 = Release|Any CPU
		{38555365-ABD0-4DAB-AE37-39CC68D9CD60}.Release|x86.ActiveCfg = Release|Any CPU
		{7705577B-CF01-43DC-8C8F-ED78770717CC}.Debug|Any CPU.ActiveCfg = Debug|Any CPU
		{7705577B-CF01-43DC-8C8F-ED78770717CC}.Debug|Any CPU.Build.0 = Debug|Any CPU
		{7705577B-CF01-43DC-8C8F-ED78770717CC}.Debug|Mixed Platforms.ActiveCfg = Debug|Any CPU
		{7705577B-CF01-43DC-8C8F-ED78770717CC}.Debug|Mixed Platforms.Build.0 = Debug|Any CPU
		{7705577B-CF01-43DC-8C8F-ED78770717CC}.Debug|x86.ActiveCfg = Debug|Any CPU
		{7705577B-CF01-43DC-8C8F-ED78770717CC}.Release|Any CPU.ActiveCfg = Release|Any CPU
		{7705577B-CF01-43DC-8C8F-ED78770717CC}.Release|Any CPU.Build.0 = Release|Any CPU
		{7705577B-CF01-43DC-8C8F-ED78770717CC}.Release|Mixed Platforms.ActiveCfg = Release|Any CPU
		{7705577B-CF01-43DC-8C8F-ED78770717CC}.Release|Mixed Platforms.Build.0 = Release|Any CPU
		{7705577B-CF01-43DC-8C8F-ED78770717CC}.Release|x86.ActiveCfg = Release|Any CPU
		{C4BE1D2E-2139-424E-ABC9-77AB793E403C}.Debug|Any CPU.ActiveCfg = Debug|Any CPU
		{C4BE1D2E-2139-424E-ABC9-77AB793E403C}.Debug|Any CPU.Build.0 = Debug|Any CPU
		{C4BE1D2E-2139-424E-ABC9-77AB793E403C}.Debug|Mixed Platforms.ActiveCfg = Debug|Any CPU
		{C4BE1D2E-2139-424E-ABC9-77AB793E403C}.Debug|Mixed Platforms.Build.0 = Debug|Any CPU
		{C4BE1D2E-2139-424E-ABC9-77AB793E403C}.Debug|x86.ActiveCfg = Debug|Any CPU
		{C4BE1D2E-2139-424E-ABC9-77AB793E403C}.Release|Any CPU.ActiveCfg = Release|Any CPU
		{C4BE1D2E-2139-424E-ABC9-77AB793E403C}.Release|Any CPU.Build.0 = Release|Any CPU
		{C4BE1D2E-2139-424E-ABC9-77AB793E403C}.Release|Mixed Platforms.ActiveCfg = Release|Any CPU
		{C4BE1D2E-2139-424E-ABC9-77AB793E403C}.Release|Mixed Platforms.Build.0 = Release|Any CPU
		{C4BE1D2E-2139-424E-ABC9-77AB793E403C}.Release|x86.ActiveCfg = Release|Any CPU
		{2759EEF7-885B-4084-B4AB-10958D51DF91}.Debug|Any CPU.ActiveCfg = Debug|Any CPU
		{2759EEF7-885B-4084-B4AB-10958D51DF91}.Debug|Any CPU.Build.0 = Debug|Any CPU
		{2759EEF7-885B-4084-B4AB-10958D51DF91}.Debug|Mixed Platforms.ActiveCfg = Debug|Any CPU
		{2759EEF7-885B-4084-B4AB-10958D51DF91}.Debug|Mixed Platforms.Build.0 = Debug|Any CPU
		{2759EEF7-885B-4084-B4AB-10958D51DF91}.Debug|x86.ActiveCfg = Debug|Any CPU
		{2759EEF7-885B-4084-B4AB-10958D51DF91}.Release|Any CPU.ActiveCfg = Release|Any CPU
		{2759EEF7-885B-4084-B4AB-10958D51DF91}.Release|Any CPU.Build.0 = Release|Any CPU
		{2759EEF7-885B-4084-B4AB-10958D51DF91}.Release|Mixed Platforms.ActiveCfg = Release|Any CPU
		{2759EEF7-885B-4084-B4AB-10958D51DF91}.Release|Mixed Platforms.Build.0 = Release|Any CPU
		{2759EEF7-885B-4084-B4AB-10958D51DF91}.Release|x86.ActiveCfg = Release|Any CPU
		{F945698F-F48A-4DAE-A9B3-03BFD770A6A1}.Debug|Any CPU.ActiveCfg = Debug|Any CPU
		{F945698F-F48A-4DAE-A9B3-03BFD770A6A1}.Debug|Any CPU.Build.0 = Debug|Any CPU
		{F945698F-F48A-4DAE-A9B3-03BFD770A6A1}.Debug|Mixed Platforms.ActiveCfg = Debug|x86
		{F945698F-F48A-4DAE-A9B3-03BFD770A6A1}.Debug|Mixed Platforms.Build.0 = Debug|x86
		{F945698F-F48A-4DAE-A9B3-03BFD770A6A1}.Debug|x86.ActiveCfg = Debug|x86
		{F945698F-F48A-4DAE-A9B3-03BFD770A6A1}.Debug|x86.Build.0 = Debug|x86
		{F945698F-F48A-4DAE-A9B3-03BFD770A6A1}.Release|Any CPU.ActiveCfg = Release|Any CPU
		{F945698F-F48A-4DAE-A9B3-03BFD770A6A1}.Release|Any CPU.Build.0 = Release|Any CPU
		{F945698F-F48A-4DAE-A9B3-03BFD770A6A1}.Release|Mixed Platforms.ActiveCfg = Release|x86
		{F945698F-F48A-4DAE-A9B3-03BFD770A6A1}.Release|Mixed Platforms.Build.0 = Release|x86
		{F945698F-F48A-4DAE-A9B3-03BFD770A6A1}.Release|x86.ActiveCfg = Release|x86
		{F945698F-F48A-4DAE-A9B3-03BFD770A6A1}.Release|x86.Build.0 = Release|x86
		{7FCC3F0D-4773-4062-8DBA-67495488ADBC}.Debug|Any CPU.ActiveCfg = Debug|Any CPU
		{7FCC3F0D-4773-4062-8DBA-67495488ADBC}.Debug|Any CPU.Build.0 = Debug|Any CPU
		{7FCC3F0D-4773-4062-8DBA-67495488ADBC}.Debug|Mixed Platforms.ActiveCfg = Debug|Any CPU
		{7FCC3F0D-4773-4062-8DBA-67495488ADBC}.Debug|Mixed Platforms.Build.0 = Debug|Any CPU
		{7FCC3F0D-4773-4062-8DBA-67495488ADBC}.Debug|x86.ActiveCfg = Debug|Any CPU
		{7FCC3F0D-4773-4062-8DBA-67495488ADBC}.Release|Any CPU.ActiveCfg = Release|Any CPU
		{7FCC3F0D-4773-4062-8DBA-67495488ADBC}.Release|Any CPU.Build.0 = Release|Any CPU
		{7FCC3F0D-4773-4062-8DBA-67495488ADBC}.Release|Mixed Platforms.ActiveCfg = Release|Any CPU
		{7FCC3F0D-4773-4062-8DBA-67495488ADBC}.Release|Mixed Platforms.Build.0 = Release|Any CPU
		{7FCC3F0D-4773-4062-8DBA-67495488ADBC}.Release|x86.ActiveCfg = Release|Any CPU
	EndGlobalSection
	GlobalSection(SolutionProperties) = preSolution
		HideSolutionNode = FALSE
	EndGlobalSection
	GlobalSection(TestCaseManagementSettings) = postSolution
		CategoryFile = SchemaBackup.vsmdi
	EndGlobalSection
	GlobalSection(MonoDevelopProperties) = preSolution
		StartupItem = SchemaBackup\SchemaBackupService.csproj
	EndGlobalSection
EndGlobal
